%{"earmark": {:hex, :earmark, "0.2.1"},
  "ex_doc": {:hex, :ex_doc, "0.11.4"},
  "msgpax": {:hex, :msgpax, "0.7.0"},
  "pbkdf2": {:git, "git://github.com/pma/erlang-pbkdf2.git", "93b290d72b107747c717fb1f55811d2ebc1b73ed", [branch: "master"]},
  "poison": {:hex, :poison, "1.4.0"},
  "websocket_client": {:git, "git://github.com/jeremyong/websocket_client.git", "f465f229958293949e4a192bea65a7e47bb2f762", [tag: "v0.7"]}}
