%{"cowlib": {:git, "git://github.com/extend/cowlib.git", "14e597baa42a436469f99661ed7994685e269dc2", [ref: "1.3.0"]},
  "gun": {:git, "git://github.com/ninenines/gun.git", "f618634bf648124c9562aaf49ee460be9ef71ae7", [branch: "master"]},
  "poison": {:hex, :poison, "1.3.1"},
  "ranch": {:git, "git://github.com/extend/ranch.git", "02ff6533bbbc5dae95959c4979765d532d9e0af6", [ref: "master"]}}
